
Microsoft Visual Studio Solution File, Format Version 12.00
# Visual Studio 15
VisualStudioVersion = 15.0.26730.16
MinimumVisualStudioVersion = 10.0.40219.1
Project("{FAE04EC0-301F-11D3-BF4B-00C04F79EFBC}") = "SendLogstoLogAnalytics2", "SendLogstoLogAnalytics2\SendLogstoLogAnalytics2.csproj", "{752F8FF5-5478-4211-9AA9-23576FAE361E}"
EndProject
Global
	GlobalSection(SolutionConfigurationPlatforms) = preSolution
		Debug|Any CPU = Debug|Any CPU
		Release|Any CPU = Release|Any CPU
	EndGlobalSection
	GlobalSection(ProjectConfigurationPlatforms) = postSolution
		{752F8FF5-5478-4211-9AA9-23576FAE361E}.Debug|Any CPU.ActiveCfg = Debug|Any CPU
		{752F8FF5-5478-4211-9AA9-23576FAE361E}.Debug|Any CPU.Build.0 = Debug|Any CPU
		{752F8FF5-5478-4211-9AA9-23576FAE361E}.Release|Any CPU.ActiveCfg = Release|Any CPU
		{752F8FF5-5478-4211-9AA9-23576FAE361E}.Release|Any CPU.Build.0 = Release|Any CPU
	EndGlobalSection
	GlobalSection(SolutionProperties) = preSolution
		HideSolutionNode = FALSE
	EndGlobalSection
	GlobalSection(ExtensibilityGlobals) = postSolution
		SolutionGuid = {98E77AEC-C8D7-454C-85F7-EC3575E81168}
	EndGlobalSection
EndGlobal
